
Microsoft Visual Studio Solution File, Format Version 12.00
# Visual Studio Version 17
VisualStudioVersion = 17.14.36414.22
MinimumVisualStudioVersion = 10.0.40219.1
Project("{2150E333-8FDC-42A3-9474-1A3956D46DE8}") = "Task0", "Task0", "{02EA681E-C7D8-13C7-8484-4AC65E1B71E8}"
EndProject
Project("{FAE04EC0-301F-11D3-BF4B-00C04F79EFBC}") = "Tyuiu.VostrAE.Sprint1.Task0.V5.Lib", "Tyuiu.VostrAE.Sprint1.Task0.V5.Lib\Tyuiu.VostrAE.Sprint1.Task0.V5.Lib.csproj", "{DE5BF4AF-CFBF-4A01-B678-9905B15465AA}"
EndProject
Project("{FAE04EC0-301F-11D3-BF4B-00C04F79EFBC}") = "Tyuiu.VostrAE.Sprint1.Task0.V5", "Tyuiu.VostrAE.Sprint1.Task0.V5\Tyuiu.VostrAE.Sprint1.Task0.V5.csproj", "{06C51FFF-B6ED-4B20-9B94-F0DF76DD38E7}"
EndProject
Project("{FAE04EC0-301F-11D3-BF4B-00C04F79EFBC}") = "Tyuiu.VostrAE.Sprint1.Task0.V5.Test", "Tyuiu.VostrAE.Sprint1.Task0.V5.Test\Tyuiu.VostrAE.Sprint1.Task0.V5.Test.csproj", "{BF81222B-54F5-4ED9-9C6B-1EBC80D88534}"
EndProject
Project("{2150E333-8FDC-42A3-9474-1A3956D46DE8}") = "Task1", "Task1", "{C3B3AA2D-C736-41A1-814A-DCC8C0A56AF6}"
EndProject
Project("{FAE04EC0-301F-11D3-BF4B-00C04F79EFBC}") = "Tyuiu.VostrAE.Sprint1.Task1.V16.Lib", "Tyuiu.VostrAE.Sprint1.Task1.V16.Lib\Tyuiu.VostrAE.Sprint1.Task1.V16.Lib.csproj", "{5DFDC8C5-E704-47FF-91FC-3C6DB17592DA}"
EndProject
Project("{FAE04EC0-301F-11D3-BF4B-00C04F79EFBC}") = "Tyuiu.VostrAE.Sprint1.Task1.V16", "Tyuiu.VostrAE.Sprint1.Task1.V16\Tyuiu.VostrAE.Sprint1.Task1.V16.csproj", "{2FACF433-02F0-492C-91A1-E4C96613EC6D}"
EndProject
Project("{FAE04EC0-301F-11D3-BF4B-00C04F79EFBC}") = "Tyuiu.VostrAE.Sprint1.Task1.V16.Test", "Tyuiu.VostrAE.Sprint1.Task1.V16.Test\Tyuiu.VostrAE.Sprint1.Task1.V16.Test.csproj", "{0ECFB866-D3B8-404B-89AC-C566CCDA968B}"
EndProject
Project("{2150E333-8FDC-42A3-9474-1A3956D46DE8}") = "Task2", "Task2", "{688A4F2F-94D9-404F-808C-C136F011C1E9}"
EndProject
Project("{FAE04EC0-301F-11D3-BF4B-00C04F79EFBC}") = "Tyuiu.VostrAE.Sprint1.Task2.V30.Test", "Tyuiu.VostrAE.Sprint1.Task2.V30.Test\Tyuiu.VostrAE.Sprint1.Task2.V30.Test.csproj", "{D6185F88-3A47-41BB-8B6A-93A7360A3B4B}"
EndProject
Project("{FAE04EC0-301F-11D3-BF4B-00C04F79EFBC}") = "Tyuiu.VostrAE.Sprint1.Task2.V30", "Tyuiu.VostrAE.Sprint1.Task2.V30\Tyuiu.VostrAE.Sprint1.Task2.V30.csproj", "{74586A10-4D53-4FCD-9869-EDD18DEE09D6}"
EndProject
Project("{FAE04EC0-301F-11D3-BF4B-00C04F79EFBC}") = "Tyuiu.VostrAE.Sprint1.Task2.V30.Lib", "Tyuiu.VostrAE.Sprint1.Task2.V30.Lib\Tyuiu.VostrAE.Sprint1.Task2.V30.Lib.csproj", "{60D3C7BB-4BF6-4942-BA19-98734DBA3AB5}"
EndProject
Project("{2150E333-8FDC-42A3-9474-1A3956D46DE8}") = "Task3", "Task3", "{03D9E7D0-840A-4A0F-916C-184960C172C5}"
EndProject
Project("{FAE04EC0-301F-11D3-BF4B-00C04F79EFBC}") = "Tyuiu.VostrAE.Sprint1.Task3.V2.Lib", "Tyuiu.VostrAE.Sprint1.Task3.V2.Lib\Tyuiu.VostrAE.Sprint1.Task3.V2.Lib.csproj", "{FD522785-20B0-4BB9-95EE-38195823E377}"
EndProject
Project("{FAE04EC0-301F-11D3-BF4B-00C04F79EFBC}") = "Tyuiu.VostrAE.Sprint1.Task3.V2", "Tyuiu.VostrAE.Sprint1.Task3.V2\Tyuiu.VostrAE.Sprint1.Task3.V2.csproj", "{04EDF86F-F5EF-47B2-8C93-8DE312CD6277}"
EndProject
Project("{FAE04EC0-301F-11D3-BF4B-00C04F79EFBC}") = "Tyuiu.VostrAE.Sprint1.Task3.V2.Test", "Tyuiu.VostrAE.Sprint1.Task3.V2.Test\Tyuiu.VostrAE.Sprint1.Task3.V2.Test.csproj", "{134037DF-E045-4D0A-B0C1-7ACC9F5FF3F6}"
EndProject
Project("{2150E333-8FDC-42A3-9474-1A3956D46DE8}") = "Task4", "Task4", "{F9B44F2B-93B9-47BF-9503-145F363AC853}"
EndProject
Project("{FAE04EC0-301F-11D3-BF4B-00C04F79EFBC}") = "Tyuiu.VostrAE.Sprint1.Task4.V20.Test", "Tyuiu.VostrAE.Sprint1.Task4.V20.Test\Tyuiu.VostrAE.Sprint1.Task4.V20.Test.csproj", "{6668D1CF-60DA-40FC-A0EA-EAEAAB691247}"
EndProject
Project("{FAE04EC0-301F-11D3-BF4B-00C04F79EFBC}") = "Tyuiu.VostrAE.Sprint1.Task4.V20", "Tyuiu.VostrAE.Sprint1.Task4.V20\Tyuiu.VostrAE.Sprint1.Task4.V20.csproj", "{E882A58C-519E-4429-B72A-645B123CCA04}"
EndProject
Project("{FAE04EC0-301F-11D3-BF4B-00C04F79EFBC}") = "Tyuiu.VostrAE.Sprint1.Task4.V20.Lib", "Tyuiu.VostrAE.Sprint1.Task4.V20.Lib\Tyuiu.VostrAE.Sprint1.Task4.V20.Lib.csproj", "{DE2AD3F8-B1A5-4ED6-81D4-E4E841791162}"
EndProject
Project("{2150E333-8FDC-42A3-9474-1A3956D46DE8}") = "Task5", "Task5", "{02321B76-6960-49D5-8D20-B6D8962BF5ED}"
EndProject
Project("{FAE04EC0-301F-11D3-BF4B-00C04F79EFBC}") = "Tyuiu.VostrAE.Sprint1.Task5.V6.Lib", "Tyuiu.VostrAE.Sprint1.Task5.V6.Lib\Tyuiu.VostrAE.Sprint1.Task5.V6.Lib.csproj", "{D3340C21-7588-4DA5-941D-D1345FEC5443}"
EndProject
Project("{FAE04EC0-301F-11D3-BF4B-00C04F79EFBC}") = "Tyuiu.VostrAE.Sprint1.Task5.V6", "Tyuiu.VostrAE.Sprint1.Task5.V6\Tyuiu.VostrAE.Sprint1.Task5.V6.csproj", "{DB99FB6F-6CA6-4132-9144-496034C04CBB}"
EndProject
Project("{FAE04EC0-301F-11D3-BF4B-00C04F79EFBC}") = "Tyuiu.VostrAE.Sprint1.Task5.V6.Test", "Tyuiu.VostrAE.Sprint1.Task5.V6.Test\Tyuiu.VostrAE.Sprint1.Task5.V6.Test.csproj", "{82068FE6-795C-418C-B236-5B54BEA99D66}"
EndProject
Global
	GlobalSection(SolutionConfigurationPlatforms) = preSolution
		Debug|Any CPU = Debug|Any CPU
		Release|Any CPU = Release|Any CPU
	EndGlobalSection
	GlobalSection(ProjectConfigurationPlatforms) = postSolution
		{DE5BF4AF-CFBF-4A01-B678-9905B15465AA}.Debug|Any CPU.ActiveCfg = Debug|Any CPU
		{DE5BF4AF-CFBF-4A01-B678-9905B15465AA}.Debug|Any CPU.Build.0 = Debug|Any CPU
		{DE5BF4AF-CFBF-4A01-B678-9905B15465AA}.Release|Any CPU.ActiveCfg = Release|Any CPU
		{DE5BF4AF-CFBF-4A01-B678-9905B15465AA}.Release|Any CPU.Build.0 = Release|Any CPU
		{06C51FFF-B6ED-4B20-9B94-F0DF76DD38E7}.Debug|Any CPU.ActiveCfg = Debug|Any CPU
		{06C51FFF-B6ED-4B20-9B94-F0DF76DD38E7}.Debug|Any CPU.Build.0 = Debug|Any CPU
		{06C51FFF-B6ED-4B20-9B94-F0DF76DD38E7}.Release|Any CPU.ActiveCfg = Release|Any CPU
		{06C51FFF-B6ED-4B20-9B94-F0DF76DD38E7}.Release|Any CPU.Build.0 = Release|Any CPU
		{BF81222B-54F5-4ED9-9C6B-1EBC80D88534}.Debug|Any CPU.ActiveCfg = Debug|Any CPU
		{BF81222B-54F5-4ED9-9C6B-1EBC80D88534}.Debug|Any CPU.Build.0 = Debug|Any CPU
		{BF81222B-54F5-4ED9-9C6B-1EBC80D88534}.Release|Any CPU.ActiveCfg = Release|Any CPU
		{BF81222B-54F5-4ED9-9C6B-1EBC80D88534}.Release|Any CPU.Build.0 = Release|Any CPU
		{5DFDC8C5-E704-47FF-91FC-3C6DB17592DA}.Debug|Any CPU.ActiveCfg = Debug|Any CPU
		{5DFDC8C5-E704-47FF-91FC-3C6DB17592DA}.Debug|Any CPU.Build.0 = Debug|Any CPU
		{5DFDC8C5-E704-47FF-91FC-3C6DB17592DA}.Release|Any CPU.ActiveCfg = Release|Any CPU
		{5DFDC8C5-E704-47FF-91FC-3C6DB17592DA}.Release|Any CPU.Build.0 = Release|Any CPU
		{2FACF433-02F0-492C-91A1-E4C96613EC6D}.Debug|Any CPU.ActiveCfg = Debug|Any CPU
		{2FACF433-02F0-492C-91A1-E4C96613EC6D}.Debug|Any CPU.Build.0 = Debug|Any CPU
		{2FACF433-02F0-492C-91A1-E4C96613EC6D}.Release|Any CPU.ActiveCfg = Release|Any CPU
		{2FACF433-02F0-492C-91A1-E4C96613EC6D}.Release|Any CPU.Build.0 = Release|Any CPU
		{0ECFB866-D3B8-404B-89AC-C566CCDA968B}.Debug|Any CPU.ActiveCfg = Debug|Any CPU
		{0ECFB866-D3B8-404B-89AC-C566CCDA968B}.Debug|Any CPU.Build.0 = Debug|Any CPU
		{0ECFB866-D3B8-404B-89AC-C566CCDA968B}.Release|Any CPU.ActiveCfg = Release|Any CPU
		{0ECFB866-D3B8-404B-89AC-C566CCDA968B}.Release|Any CPU.Build.0 = Release|Any CPU
		{D6185F88-3A47-41BB-8B6A-93A7360A3B4B}.Debug|Any CPU.ActiveCfg = Debug|Any CPU
		{D6185F88-3A47-41BB-8B6A-93A7360A3B4B}.Debug|Any CPU.Build.0 = Debug|Any CPU
		{D6185F88-3A47-41BB-8B6A-93A7360A3B4B}.Release|Any CPU.ActiveCfg = Release|Any CPU
		{D6185F88-3A47-41BB-8B6A-93A7360A3B4B}.Release|Any CPU.Build.0 = Release|Any CPU
		{74586A10-4D53-4FCD-9869-EDD18DEE09D6}.Debug|Any CPU.ActiveCfg = Debug|Any CPU
		{74586A10-4D53-4FCD-9869-EDD18DEE09D6}.Debug|Any CPU.Build.0 = Debug|Any CPU
		{74586A10-4D53-4FCD-9869-EDD18DEE09D6}.Release|Any CPU.ActiveCfg = Release|Any CPU
		{74586A10-4D53-4FCD-9869-EDD18DEE09D6}.Release|Any CPU.Build.0 = Release|Any CPU
		{60D3C7BB-4BF6-4942-BA19-98734DBA3AB5}.Debug|Any CPU.ActiveCfg = Debug|Any CPU
		{60D3C7BB-4BF6-4942-BA19-98734DBA3AB5}.Debug|Any CPU.Build.0 = Debug|Any CPU
		{60D3C7BB-4BF6-4942-BA19-98734DBA3AB5}.Release|Any CPU.ActiveCfg = Release|Any CPU
		{60D3C7BB-4BF6-4942-BA19-98734DBA3AB5}.Release|Any CPU.Build.0 = Release|Any CPU
		{FD522785-20B0-4BB9-95EE-38195823E377}.Debug|Any CPU.ActiveCfg = Debug|Any CPU
		{FD522785-20B0-4BB9-95EE-38195823E377}.Debug|Any CPU.Build.0 = Debug|Any CPU
		{FD522785-20B0-4BB9-95EE-38195823E377}.Release|Any CPU.ActiveCfg = Release|Any CPU
		{FD522785-20B0-4BB9-95EE-38195823E377}.Release|Any CPU.Build.0 = Release|Any CPU
		{04EDF86F-F5EF-47B2-8C93-8DE312CD6277}.Debug|Any CPU.ActiveCfg = Debug|Any CPU
		{04EDF86F-F5EF-47B2-8C93-8DE312CD6277}.Debug|Any CPU.Build.0 = Debug|Any CPU
		{04EDF86F-F5EF-47B2-8C93-8DE312CD6277}.Release|Any CPU.ActiveCfg = Release|Any CPU
		{04EDF86F-F5EF-47B2-8C93-8DE312CD6277}.Release|Any CPU.Build.0 = Release|Any CPU
		{134037DF-E045-4D0A-B0C1-7ACC9F5FF3F6}.Debug|Any CPU.ActiveCfg = Debug|Any CPU
		{134037DF-E045-4D0A-B0C1-7ACC9F5FF3F6}.Debug|Any CPU.Build.0 = Debug|Any CPU
		{134037DF-E045-4D0A-B0C1-7ACC9F5FF3F6}.Release|Any CPU.ActiveCfg = Release|Any CPU
		{134037DF-E045-4D0A-B0C1-7ACC9F5FF3F6}.Release|Any CPU.Build.0 = Release|Any CPU
		{6668D1CF-60DA-40FC-A0EA-EAEAAB691247}.Debug|Any CPU.ActiveCfg = Debug|Any CPU
		{6668D1CF-60DA-40FC-A0EA-EAEAAB691247}.Debug|Any CPU.Build.0 = Debug|Any CPU
		{6668D1CF-60DA-40FC-A0EA-EAEAAB691247}.Release|Any CPU.ActiveCfg = Release|Any CPU
		{6668D1CF-60DA-40FC-A0EA-EAEAAB691247}.Release|Any CPU.Build.0 = Release|Any CPU
		{E882A58C-519E-4429-B72A-645B123CCA04}.Debug|Any CPU.ActiveCfg = Debug|Any CPU
		{E882A58C-519E-4429-B72A-645B123CCA04}.Debug|Any CPU.Build.0 = Debug|Any CPU
		{E882A58C-519E-4429-B72A-645B123CCA04}.Release|Any CPU.ActiveCfg = Release|Any CPU
		{E882A58C-519E-4429-B72A-645B123CCA04}.Release|Any CPU.Build.0 = Release|Any CPU
		{DE2AD3F8-B1A5-4ED6-81D4-E4E841791162}.Debug|Any CPU.ActiveCfg = Debug|Any CPU
		{DE2AD3F8-B1A5-4ED6-81D4-E4E841791162}.Debug|Any CPU.Build.0 = Debug|Any CPU
		{DE2AD3F8-B1A5-4ED6-81D4-E4E841791162}.Release|Any CPU.ActiveCfg = Release|Any CPU
		{DE2AD3F8-B1A5-4ED6-81D4-E4E841791162}.Release|Any CPU.Build.0 = Release|Any CPU
		{D3340C21-7588-4DA5-941D-D1345FEC5443}.Debug|Any CPU.ActiveCfg = Debug|Any CPU
		{D3340C21-7588-4DA5-941D-D1345FEC5443}.Debug|Any CPU.Build.0 = Debug|Any CPU
		{D3340C21-7588-4DA5-941D-D1345FEC5443}.Release|Any CPU.ActiveCfg = Release|Any CPU
		{D3340C21-7588-4DA5-941D-D1345FEC5443}.Release|Any CPU.Build.0 = Release|Any CPU
		{DB99FB6F-6CA6-4132-9144-496034C04CBB}.Debug|Any CPU.ActiveCfg = Debug|Any CPU
		{DB99FB6F-6CA6-4132-9144-496034C04CBB}.Debug|Any CPU.Build.0 = Debug|Any CPU
		{DB99FB6F-6CA6-4132-9144-496034C04CBB}.Release|Any CPU.ActiveCfg = Release|Any CPU
		{DB99FB6F-6CA6-4132-9144-496034C04CBB}.Release|Any CPU.Build.0 = Release|Any CPU
		{82068FE6-795C-418C-B236-5B54BEA99D66}.Debug|Any CPU.ActiveCfg = Debug|Any CPU
		{82068FE6-795C-418C-B236-5B54BEA99D66}.Debug|Any CPU.Build.0 = Debug|Any CPU
		{82068FE6-795C-418C-B236-5B54BEA99D66}.Release|Any CPU.ActiveCfg = Release|Any CPU
		{82068FE6-795C-418C-B236-5B54BEA99D66}.Release|Any CPU.Build.0 = Release|Any CPU
	EndGlobalSection
	GlobalSection(SolutionProperties) = preSolution
		HideSolutionNode = FALSE
	EndGlobalSection
	GlobalSection(NestedProjects) = preSolution
		{DE5BF4AF-CFBF-4A01-B678-9905B15465AA} = {02EA681E-C7D8-13C7-8484-4AC65E1B71E8}
		{06C51FFF-B6ED-4B20-9B94-F0DF76DD38E7} = {02EA681E-C7D8-13C7-8484-4AC65E1B71E8}
		{BF81222B-54F5-4ED9-9C6B-1EBC80D88534} = {02EA681E-C7D8-13C7-8484-4AC65E1B71E8}
		{5DFDC8C5-E704-47FF-91FC-3C6DB17592DA} = {C3B3AA2D-C736-41A1-814A-DCC8C0A56AF6}
		{2FACF433-02F0-492C-91A1-E4C96613EC6D} = {C3B3AA2D-C736-41A1-814A-DCC8C0A56AF6}
		{0ECFB866-D3B8-404B-89AC-C566CCDA968B} = {C3B3AA2D-C736-41A1-814A-DCC8C0A56AF6}
		{D6185F88-3A47-41BB-8B6A-93A7360A3B4B} = {688A4F2F-94D9-404F-808C-C136F011C1E9}
		{74586A10-4D53-4FCD-9869-EDD18DEE09D6} = {688A4F2F-94D9-404F-808C-C136F011C1E9}
		{60D3C7BB-4BF6-4942-BA19-98734DBA3AB5} = {688A4F2F-94D9-404F-808C-C136F011C1E9}
		{FD522785-20B0-4BB9-95EE-38195823E377} = {03D9E7D0-840A-4A0F-916C-184960C172C5}
		{04EDF86F-F5EF-47B2-8C93-8DE312CD6277} = {03D9E7D0-840A-4A0F-916C-184960C172C5}
		{134037DF-E045-4D0A-B0C1-7ACC9F5FF3F6} = {03D9E7D0-840A-4A0F-916C-184960C172C5}
		{6668D1CF-60DA-40FC-A0EA-EAEAAB691247} = {F9B44F2B-93B9-47BF-9503-145F363AC853}
		{E882A58C-519E-4429-B72A-645B123CCA04} = {F9B44F2B-93B9-47BF-9503-145F363AC853}
		{DE2AD3F8-B1A5-4ED6-81D4-E4E841791162} = {F9B44F2B-93B9-47BF-9503-145F363AC853}
		{D3340C21-7588-4DA5-941D-D1345FEC5443} = {02321B76-6960-49D5-8D20-B6D8962BF5ED}
		{DB99FB6F-6CA6-4132-9144-496034C04CBB} = {02321B76-6960-49D5-8D20-B6D8962BF5ED}
		{82068FE6-795C-418C-B236-5B54BEA99D66} = {02321B76-6960-49D5-8D20-B6D8962BF5ED}
	EndGlobalSection
	GlobalSection(ExtensibilityGlobals) = postSolution
		SolutionGuid = {0A488D19-2356-43DD-B08E-964C4D27FB71}
	EndGlobalSection
EndGlobal
