
Microsoft Visual Studio Solution File, Format Version 12.00
# Visual Studio Version 17
VisualStudioVersion = 17.14.36414.22
MinimumVisualStudioVersion = 10.0.40219.1
Project("{2150E333-8FDC-42A3-9474-1A3956D46DE8}") = "Task0", "Task0", "{02EA681E-C7D8-13C7-8484-4AC65E1B71E8}"
EndProject
Project("{FAE04EC0-301F-11D3-BF4B-00C04F79EFBC}") = "Tyuiu.VostrAE.Sprint1.Task0.V5.Lib", "Tyuiu.VostrAE.Sprint1.Task0.V5.Lib\Tyuiu.VostrAE.Sprint1.Task0.V5.Lib.csproj", "{DE5BF4AF-CFBF-4A01-B678-9905B15465AA}"
EndProject
Project("{FAE04EC0-301F-11D3-BF4B-00C04F79EFBC}") = "Tyuiu.VostrAE.Sprint1.Task0.V5", "Tyuiu.VostrAE.Sprint1.Task0.V5\Tyuiu.VostrAE.Sprint1.Task0.V5.csproj", "{06C51FFF-B6ED-4B20-9B94-F0DF76DD38E7}"
EndProject
Project("{FAE04EC0-301F-11D3-BF4B-00C04F79EFBC}") = "Tyuiu.VostrAE.Sprint1.Task0.V5.Test", "Tyuiu.VostrAE.Sprint1.Task0.V5.Test\Tyuiu.VostrAE.Sprint1.Task0.V5.Test.csproj", "{BF81222B-54F5-4ED9-9C6B-1EBC80D88534}"
EndProject
Global
	GlobalSection(SolutionConfigurationPlatforms) = preSolution
		Debug|Any CPU = Debug|Any CPU
		Release|Any CPU = Release|Any CPU
	EndGlobalSection
	GlobalSection(ProjectConfigurationPlatforms) = postSolution
		{DE5BF4AF-CFBF-4A01-B678-9905B15465AA}.Debug|Any CPU.ActiveCfg = Debug|Any CPU
		{DE5BF4AF-CFBF-4A01-B678-9905B15465AA}.Debug|Any CPU.Build.0 = Debug|Any CPU
		{DE5BF4AF-CFBF-4A01-B678-9905B15465AA}.Release|Any CPU.ActiveCfg = Release|Any CPU
		{DE5BF4AF-CFBF-4A01-B678-9905B15465AA}.Release|Any CPU.Build.0 = Release|Any CPU
		{06C51FFF-B6ED-4B20-9B94-F0DF76DD38E7}.Debug|Any CPU.ActiveCfg = Debug|Any CPU
		{06C51FFF-B6ED-4B20-9B94-F0DF76DD38E7}.Debug|Any CPU.Build.0 = Debug|Any CPU
		{06C51FFF-B6ED-4B20-9B94-F0DF76DD38E7}.Release|Any CPU.ActiveCfg = Release|Any CPU
		{06C51FFF-B6ED-4B20-9B94-F0DF76DD38E7}.Release|Any CPU.Build.0 = Release|Any CPU
		{BF81222B-54F5-4ED9-9C6B-1EBC80D88534}.Debug|Any CPU.ActiveCfg = Debug|Any CPU
		{BF81222B-54F5-4ED9-9C6B-1EBC80D88534}.Debug|Any CPU.Build.0 = Debug|Any CPU
		{BF81222B-54F5-4ED9-9C6B-1EBC80D88534}.Release|Any CPU.ActiveCfg = Release|Any CPU
		{BF81222B-54F5-4ED9-9C6B-1EBC80D88534}.Release|Any CPU.Build.0 = Release|Any CPU
	EndGlobalSection
	GlobalSection(SolutionProperties) = preSolution
		HideSolutionNode = FALSE
	EndGlobalSection
	GlobalSection(NestedProjects) = preSolution
		{DE5BF4AF-CFBF-4A01-B678-9905B15465AA} = {02EA681E-C7D8-13C7-8484-4AC65E1B71E8}
		{06C51FFF-B6ED-4B20-9B94-F0DF76DD38E7} = {02EA681E-C7D8-13C7-8484-4AC65E1B71E8}
		{BF81222B-54F5-4ED9-9C6B-1EBC80D88534} = {02EA681E-C7D8-13C7-8484-4AC65E1B71E8}
	EndGlobalSection
	GlobalSection(ExtensibilityGlobals) = postSolution
		SolutionGuid = {0A488D19-2356-43DD-B08E-964C4D27FB71}
	EndGlobalSection
EndGlobal
